// !$*UTF8*$!
{
	archiveVersion = 1;
	classes = {
	};
	objectVersion = 46;
	objects = {

/* Begin PBXBuildFile section */
		3A01A3D21DEB420A002A2554 /* AccountManage.storyboard in Resources */ = {isa = PBXBuildFile; fileRef = 3A01A3D11DEB420A002A2554 /* AccountManage.storyboard */; };
		3A40FB8D1DF154D500DBBE20 /* viber.png in Resources */ = {isa = PBXBuildFile; fileRef = 3A40FB8C1DF154D500DBBE20 /* viber.png */; };
		3A635F5B1DEB49C0009DA2B6 /* SignoffListTableViewController.m in Sources */ = {isa = PBXBuildFile; fileRef = 3A635F5A1DEB49C0009DA2B6 /* SignoffListTableViewController.m */; };
		3A6F3FFB1DD1CF0600376501 /* StrValidationFilter.m in Sources */ = {isa = PBXBuildFile; fileRef = 3A6F3FFA1DD1CF0600376501 /* StrValidationFilter.m */; };
		3A80EFD41DEC69E400E605D1 /* SignoffFormPageViewController.m in Sources */ = {isa = PBXBuildFile; fileRef = 3A80EFD31DEC69E400E605D1 /* SignoffFormPageViewController.m */; };
		6309EA0F1DCBBF1A001815C6 /* head.png in Resources */ = {isa = PBXBuildFile; fileRef = 6309EA0E1DCBBF1A001815C6 /* head.png */; };
		6309EA1A1DCCAC8E001815C6 /* StaffSalaryViewController.m in Sources */ = {isa = PBXBuildFile; fileRef = 6309EA191DCCAC8E001815C6 /* StaffSalaryViewController.m */; };
		6309EA1D1DCCACD4001815C6 /* StaffSalaryListViewController.m in Sources */ = {isa = PBXBuildFile; fileRef = 6309EA1C1DCCACD4001815C6 /* StaffSalaryListViewController.m */; };
		6309EA201DCCAD52001815C6 /* SalaryListTableViewCell.m in Sources */ = {isa = PBXBuildFile; fileRef = 6309EA1F1DCCAD52001815C6 /* SalaryListTableViewCell.m */; };
		630E70ED1DBDBAC00035E334 /* CollectionViewCell.m in Sources */ = {isa = PBXBuildFile; fileRef = 630E70EC1DBDBAC00035E334 /* CollectionViewCell.m */; };
		630E70F01DBDCE960035E334 /* RecipeCollectionHeaderView.m in Sources */ = {isa = PBXBuildFile; fileRef = 630E70EF1DBDCE960035E334 /* RecipeCollectionHeaderView.m */; };
		631126241DDEE30A00F3404E /* grayheader.png in Resources */ = {isa = PBXBuildFile; fileRef = 6311261A1DDEE30A00F3404E /* grayheader.png */; };
		63152FC81DF5F35300F694BA /* background.png in Resources */ = {isa = PBXBuildFile; fileRef = 63152FC71DF5F35300F694BA /* background.png */; };
		63152FCA1DF5F3D200F694BA /* loginbackground.png in Resources */ = {isa = PBXBuildFile; fileRef = 63152FC91DF5F3D200F694BA /* loginbackground.png */; };
		631DFC5A1DF5A77400006A69 /* Manager.storyboard in Resources */ = {isa = PBXBuildFile; fileRef = 631DFC591DF5A77400006A69 /* Manager.storyboard */; };
		631DFC5C1DF5A78500006A69 /* Staff.storyboard in Resources */ = {isa = PBXBuildFile; fileRef = 631DFC5B1DF5A78500006A69 /* Staff.storyboard */; };
		631DFC631DF5D11300006A69 /* EmployeeTabBarController.m in Sources */ = {isa = PBXBuildFile; fileRef = 631DFC621DF5D11300006A69 /* EmployeeTabBarController.m */; };
		631DFC661DF5D39D00006A69 /* ManagerTabBarController.m in Sources */ = {isa = PBXBuildFile; fileRef = 631DFC651DF5D39D00006A69 /* ManagerTabBarController.m */; };
		6335E1751DB8E21400B71A63 /* NSDateNSStringExchange.m in Sources */ = {isa = PBXBuildFile; fileRef = 6335E1741DB8E21400B71A63 /* NSDateNSStringExchange.m */; };
		6335E1791DB8E4A200B71A63 /* AttendanceViewController.m in Sources */ = {isa = PBXBuildFile; fileRef = 6335E1781DB8E4A200B71A63 /* AttendanceViewController.m */; };
		6335E1801DB8E85200B71A63 /* SchedulingViewController.m in Sources */ = {isa = PBXBuildFile; fileRef = 6335E17F1DB8E85200B71A63 /* SchedulingViewController.m */; };
		6335E1B21DB9E9A100B71A63 /* CoreLocation.framework in Frameworks */ = {isa = PBXBuildFile; fileRef = 6335E1B11DB9E9A100B71A63 /* CoreLocation.framework */; };
		6335E1B41DB9E9A700B71A63 /* MapKit.framework in Frameworks */ = {isa = PBXBuildFile; fileRef = 6335E1B31DB9E9A700B71A63 /* MapKit.framework */; };
		6335E1B81DBC789F00B71A63 /* QuartzCore.framework in Frameworks */ = {isa = PBXBuildFile; fileRef = 6335E1B71DBC789F00B71A63 /* QuartzCore.framework */; };
		63391C3B1E6BCE3A008887AD /* StaffListViewController.m in Sources */ = {isa = PBXBuildFile; fileRef = 63391C3A1E6BCE3A008887AD /* StaffListViewController.m */; };
		63391C3E1E6BCEA4008887AD /* StaffInfoDataManager.m in Sources */ = {isa = PBXBuildFile; fileRef = 63391C3D1E6BCEA4008887AD /* StaffInfoDataManager.m */; };
		63391C411E6BD6A7008887AD /* StaffInfoViewController.m in Sources */ = {isa = PBXBuildFile; fileRef = 63391C401E6BD6A7008887AD /* StaffInfoViewController.m */; };
		6340260F1DF6D73F00F8A1F0 /* LunchScreen.png in Resources */ = {isa = PBXBuildFile; fileRef = 6340260E1DF6D73F00F8A1F0 /* LunchScreen.png */; };
		636B50531DD0C6B3009BCB11 /* StaffListTableViewCell.m in Sources */ = {isa = PBXBuildFile; fileRef = 636B50521DD0C6B3009BCB11 /* StaffListTableViewCell.m */; };
		637246C21DEC026100D55887 /* becheckIcon.png in Resources */ = {isa = PBXBuildFile; fileRef = 637246C11DEC026000D55887 /* becheckIcon.png */; };
		637246C61DEC0DB800D55887 /* cellBackground116.png in Resources */ = {isa = PBXBuildFile; fileRef = 637246C51DEC0DB800D55887 /* cellBackground116.png */; };
		637AD25A1DD5E6D500FA94E5 /* head01.png in Resources */ = {isa = PBXBuildFile; fileRef = 637AD2571DD5E6D500FA94E5 /* head01.png */; };
		63D92FAE1DBF7F7D007578DB /* CheckClassCollectionReusable.m in Sources */ = {isa = PBXBuildFile; fileRef = 63D92FAB1DBF7F7D007578DB /* CheckClassCollectionReusable.m */; };
		63D92FAF1DBF7F7D007578DB /* CheckClassCollectionCell.m in Sources */ = {isa = PBXBuildFile; fileRef = 63D92FAD1DBF7F7D007578DB /* CheckClassCollectionCell.m */; };
		63D92FB21DBF7F8B007578DB /* SearchClassViewController.m in Sources */ = {isa = PBXBuildFile; fileRef = 63D92FB11DBF7F8B007578DB /* SearchClassViewController.m */; };
		63D92FE11DC03667007578DB /* SalarySums.m in Sources */ = {isa = PBXBuildFile; fileRef = 63D92FDE1DC03667007578DB /* SalarySums.m */; };
		63D92FE21DC03667007578DB /* SalaryViewController.m in Sources */ = {isa = PBXBuildFile; fileRef = 63D92FE01DC03667007578DB /* SalaryViewController.m */; };
		63E0A1131DCB0C910021F246 /* BulletinBoardViewController.m in Sources */ = {isa = PBXBuildFile; fileRef = 63E0A1121DCB0C910021F246 /* BulletinBoardViewController.m */; };
		63E0A1161DCB0DEF0021F246 /* BulletinBoardTableViewCell.m in Sources */ = {isa = PBXBuildFile; fileRef = 63E0A1151DCB0DEF0021F246 /* BulletinBoardTableViewCell.m */; };
		63E52BF31DE93E8F00BD24C2 /* ServerCommunicator.m in Sources */ = {isa = PBXBuildFile; fileRef = 63E52BF21DE93E8F00BD24C2 /* ServerCommunicator.m */; };
		63E52BF51DE987BD00BD24C2 /* bell.mp3 in Resources */ = {isa = PBXBuildFile; fileRef = 63E52BF41DE987BD00BD24C2 /* bell.mp3 */; };
		63E52BF81DE98B5600BD24C2 /* AddBulletinViewController.m in Sources */ = {isa = PBXBuildFile; fileRef = 63E52BF71DE98B5600BD24C2 /* AddBulletinViewController.m */; };
		63FCD8B51DF2BCCA00734E43 /* Li.png in Resources */ = {isa = PBXBuildFile; fileRef = 63FCD8B41DF2BCCA00734E43 /* Li.png */; };
		70197E021DDD9CFC009254C4 /* blueheader.png in Resources */ = {isa = PBXBuildFile; fileRef = 70197DFE1DDD9CFC009254C4 /* blueheader.png */; };
		70197E031DDD9CFC009254C4 /* greenheader.png in Resources */ = {isa = PBXBuildFile; fileRef = 70197DFF1DDD9CFC009254C4 /* greenheader.png */; };
		70197E041DDD9CFC009254C4 /* orangeheader.png in Resources */ = {isa = PBXBuildFile; fileRef = 70197E001DDD9CFC009254C4 /* orangeheader.png */; };
		70197E051DDD9CFC009254C4 /* redheader.png in Resources */ = {isa = PBXBuildFile; fileRef = 70197E011DDD9CFC009254C4 /* redheader.png */; };
		706159CD1D94231800D2530B /* main.m in Sources */ = {isa = PBXBuildFile; fileRef = 706159CC1D94231800D2530B /* main.m */; };
		706159D01D94231800D2530B /* AppDelegate.m in Sources */ = {isa = PBXBuildFile; fileRef = 706159CF1D94231800D2530B /* AppDelegate.m */; };
		706159D81D94231800D2530B /* Assets.xcassets in Resources */ = {isa = PBXBuildFile; fileRef = 706159D71D94231800D2530B /* Assets.xcassets */; };
		706159DB1D94231800D2530B /* LaunchScreen.storyboard in Resources */ = {isa = PBXBuildFile; fileRef = 706159D91D94231800D2530B /* LaunchScreen.storyboard */; };
		70E35BF71DE7C73100CB6702 /* refuseIcon.png in Resources */ = {isa = PBXBuildFile; fileRef = 70E35BF61DE7C73100CB6702 /* refuseIcon.png */; };
		70E35BF91DE7C73D00CB6702 /* cellBackground.png in Resources */ = {isa = PBXBuildFile; fileRef = 70E35BF81DE7C73D00CB6702 /* cellBackground.png */; };
		70E35BFB1DE7C74600CB6702 /* agreeIcon.png in Resources */ = {isa = PBXBuildFile; fileRef = 70E35BFA1DE7C74600CB6702 /* agreeIcon.png */; };
		7AAC48412F70DADEDF7716CD /* Pods_HRM.framework in Frameworks */ = {isa = PBXBuildFile; fileRef = 465262FC63B996D9E36968C5 /* Pods_HRM.framework */; };
		A91417001DBE601200735A49 /* ApplicationInfoPageViewController.m in Sources */ = {isa = PBXBuildFile; fileRef = A91416FF1DBE601200735A49 /* ApplicationInfoPageViewController.m */; };
		A91417031DBEEA8600735A49 /* SupervisorHomePageViewController.m in Sources */ = {isa = PBXBuildFile; fileRef = A91417021DBEEA8600735A49 /* SupervisorHomePageViewController.m */; };
		A91417061DBEEAF600735A49 /* EmployeeHomePageViewController.m in Sources */ = {isa = PBXBuildFile; fileRef = A91417051DBEEAF600735A49 /* EmployeeHomePageViewController.m */; };
		A95C7E381DB9A85200AF7CB5 /* ApplicationListPageTableViewController.m in Sources */ = {isa = PBXBuildFile; fileRef = A95C7E371DB9A85200AF7CB5 /* ApplicationListPageTableViewController.m */; };
		A95C7E3B1DB9A8D800AF7CB5 /* ApplicationFormPageViewController.m in Sources */ = {isa = PBXBuildFile; fileRef = A95C7E3A1DB9A8D800AF7CB5 /* ApplicationFormPageViewController.m */; };
		A99D6A421DB4D18700C54FBB /* GoogleService-Info.plist in Resources */ = {isa = PBXBuildFile; fileRef = A99D6A411DB4D18700C54FBB /* GoogleService-Info.plist */; };
		A9DC91151DB5202D00679708 /* SignInPageViewController.m in Sources */ = {isa = PBXBuildFile; fileRef = A9DC91141DB5202D00679708 /* SignInPageViewController.m */; };
		A9DC91181DB5208C00679708 /* SignUpPageViewController.m in Sources */ = {isa = PBXBuildFile; fileRef = A9DC91171DB5208C00679708 /* SignUpPageViewController.m */; };
		A9DC911B1DB52B4100679708 /* UserInfoPageViewController.m in Sources */ = {isa = PBXBuildFile; fileRef = A9DC911A1DB52B4100679708 /* UserInfoPageViewController.m */; };
		A9DC91211DB530F600679708 /* CurrentUser.m in Sources */ = {isa = PBXBuildFile; fileRef = A9DC91201DB530F600679708 /* CurrentUser.m */; };
/* End PBXBuildFile section */

/* Begin PBXFileReference section */
		3A01A3D11DEB420A002A2554 /* AccountManage.storyboard */ = {isa = PBXFileReference; fileEncoding = 4; lastKnownFileType = file.storyboard; path = AccountManage.storyboard; sourceTree = "<group>"; };
		3A40FB8C1DF154D500DBBE20 /* viber.png */ = {isa = PBXFileReference; lastKnownFileType = image.png; path = viber.png; sourceTree = "<group>"; };
		3A635F591DEB49C0009DA2B6 /* SignoffListTableViewController.h */ = {isa = PBXFileReference; fileEncoding = 4; lastKnownFileType = sourcecode.c.h; path = SignoffListTableViewController.h; sourceTree = "<group>"; };
		3A635F5A1DEB49C0009DA2B6 /* SignoffListTableViewController.m */ = {isa = PBXFileReference; fileEncoding = 4; lastKnownFileType = sourcecode.c.objc; path = SignoffListTableViewController.m; sourceTree = "<group>"; };
		3A6F3FF91DD1CF0600376501 /* StrValidationFilter.h */ = {isa = PBXFileReference; fileEncoding = 4; lastKnownFileType = sourcecode.c.h; path = StrValidationFilter.h; sourceTree = "<group>"; };
		3A6F3FFA1DD1CF0600376501 /* StrValidationFilter.m */ = {isa = PBXFileReference; fileEncoding = 4; lastKnownFileType = sourcecode.c.objc; path = StrValidationFilter.m; sourceTree = "<group>"; };
		3A80EFD21DEC69E400E605D1 /* SignoffFormPageViewController.h */ = {isa = PBXFileReference; fileEncoding = 4; lastKnownFileType = sourcecode.c.h; path = SignoffFormPageViewController.h; sourceTree = "<group>"; };
		3A80EFD31DEC69E400E605D1 /* SignoffFormPageViewController.m */ = {isa = PBXFileReference; fileEncoding = 4; lastKnownFileType = sourcecode.c.objc; path = SignoffFormPageViewController.m; sourceTree = "<group>"; };
		465262FC63B996D9E36968C5 /* Pods_HRM.framework */ = {isa = PBXFileReference; explicitFileType = wrapper.framework; includeInIndex = 0; path = Pods_HRM.framework; sourceTree = BUILT_PRODUCTS_DIR; };
		6309EA0E1DCBBF1A001815C6 /* head.png */ = {isa = PBXFileReference; lastKnownFileType = image.png; path = head.png; sourceTree = "<group>"; };
		6309EA181DCCAC8E001815C6 /* StaffSalaryViewController.h */ = {isa = PBXFileReference; fileEncoding = 4; lastKnownFileType = sourcecode.c.h; path = StaffSalaryViewController.h; sourceTree = "<group>"; };
		6309EA191DCCAC8E001815C6 /* StaffSalaryViewController.m */ = {isa = PBXFileReference; fileEncoding = 4; lastKnownFileType = sourcecode.c.objc; path = StaffSalaryViewController.m; sourceTree = "<group>"; };
		6309EA1B1DCCACD4001815C6 /* StaffSalaryListViewController.h */ = {isa = PBXFileReference; fileEncoding = 4; lastKnownFileType = sourcecode.c.h; path = StaffSalaryListViewController.h; sourceTree = "<group>"; };
		6309EA1C1DCCACD4001815C6 /* StaffSalaryListViewController.m */ = {isa = PBXFileReference; fileEncoding = 4; lastKnownFileType = sourcecode.c.objc; path = StaffSalaryListViewController.m; sourceTree = "<group>"; };
		6309EA1E1DCCAD52001815C6 /* SalaryListTableViewCell.h */ = {isa = PBXFileReference; fileEncoding = 4; lastKnownFileType = sourcecode.c.h; path = SalaryListTableViewCell.h; sourceTree = "<group>"; };
		6309EA1F1DCCAD52001815C6 /* SalaryListTableViewCell.m */ = {isa = PBXFileReference; fileEncoding = 4; lastKnownFileType = sourcecode.c.objc; path = SalaryListTableViewCell.m; sourceTree = "<group>"; };
		630E70EB1DBDBAC00035E334 /* CollectionViewCell.h */ = {isa = PBXFileReference; fileEncoding = 4; lastKnownFileType = sourcecode.c.h; path = CollectionViewCell.h; sourceTree = "<group>"; };
		630E70EC1DBDBAC00035E334 /* CollectionViewCell.m */ = {isa = PBXFileReference; fileEncoding = 4; lastKnownFileType = sourcecode.c.objc; path = CollectionViewCell.m; sourceTree = "<group>"; };
		630E70EE1DBDCE960035E334 /* RecipeCollectionHeaderView.h */ = {isa = PBXFileReference; fileEncoding = 4; lastKnownFileType = sourcecode.c.h; path = RecipeCollectionHeaderView.h; sourceTree = "<group>"; };
		630E70EF1DBDCE960035E334 /* RecipeCollectionHeaderView.m */ = {isa = PBXFileReference; fileEncoding = 4; lastKnownFileType = sourcecode.c.objc; path = RecipeCollectionHeaderView.m; sourceTree = "<group>"; };
		6311261A1DDEE30A00F3404E /* grayheader.png */ = {isa = PBXFileReference; lastKnownFileType = image.png; path = grayheader.png; sourceTree = "<group>"; };
		63152FC71DF5F35300F694BA /* background.png */ = {isa = PBXFileReference; lastKnownFileType = image.png; path = background.png; sourceTree = "<group>"; };
		63152FC91DF5F3D200F694BA /* loginbackground.png */ = {isa = PBXFileReference; lastKnownFileType = image.png; path = loginbackground.png; sourceTree = "<group>"; };
		631DFC591DF5A77400006A69 /* Manager.storyboard */ = {isa = PBXFileReference; fileEncoding = 4; lastKnownFileType = file.storyboard; path = Manager.storyboard; sourceTree = "<group>"; };
		631DFC5B1DF5A78500006A69 /* Staff.storyboard */ = {isa = PBXFileReference; fileEncoding = 4; lastKnownFileType = file.storyboard; path = Staff.storyboard; sourceTree = "<group>"; };
		631DFC611DF5D11300006A69 /* EmployeeTabBarController.h */ = {isa = PBXFileReference; fileEncoding = 4; lastKnownFileType = sourcecode.c.h; path = EmployeeTabBarController.h; sourceTree = "<group>"; };
		631DFC621DF5D11300006A69 /* EmployeeTabBarController.m */ = {isa = PBXFileReference; fileEncoding = 4; lastKnownFileType = sourcecode.c.objc; path = EmployeeTabBarController.m; sourceTree = "<group>"; };
		631DFC641DF5D39D00006A69 /* ManagerTabBarController.h */ = {isa = PBXFileReference; fileEncoding = 4; lastKnownFileType = sourcecode.c.h; path = ManagerTabBarController.h; sourceTree = "<group>"; };
		631DFC651DF5D39D00006A69 /* ManagerTabBarController.m */ = {isa = PBXFileReference; fileEncoding = 4; lastKnownFileType = sourcecode.c.objc; path = ManagerTabBarController.m; sourceTree = "<group>"; };
		6335E1731DB8E21400B71A63 /* NSDateNSStringExchange.h */ = {isa = PBXFileReference; fileEncoding = 4; lastKnownFileType = sourcecode.c.h; path = NSDateNSStringExchange.h; sourceTree = "<group>"; };
		6335E1741DB8E21400B71A63 /* NSDateNSStringExchange.m */ = {isa = PBXFileReference; fileEncoding = 4; lastKnownFileType = sourcecode.c.objc; path = NSDateNSStringExchange.m; sourceTree = "<group>"; };
		6335E1771DB8E4A200B71A63 /* AttendanceViewController.h */ = {isa = PBXFileReference; fileEncoding = 4; lastKnownFileType = sourcecode.c.h; path = AttendanceViewController.h; sourceTree = "<group>"; };
		6335E1781DB8E4A200B71A63 /* AttendanceViewController.m */ = {isa = PBXFileReference; fileEncoding = 4; lastKnownFileType = sourcecode.c.objc; path = AttendanceViewController.m; sourceTree = "<group>"; };
		6335E17E1DB8E85200B71A63 /* SchedulingViewController.h */ = {isa = PBXFileReference; fileEncoding = 4; lastKnownFileType = sourcecode.c.h; path = SchedulingViewController.h; sourceTree = "<group>"; };
		6335E17F1DB8E85200B71A63 /* SchedulingViewController.m */ = {isa = PBXFileReference; fileEncoding = 4; lastKnownFileType = sourcecode.c.objc; path = SchedulingViewController.m; sourceTree = "<group>"; };
		6335E1B11DB9E9A100B71A63 /* CoreLocation.framework */ = {isa = PBXFileReference; lastKnownFileType = wrapper.framework; name = CoreLocation.framework; path = System/Library/Frameworks/CoreLocation.framework; sourceTree = SDKROOT; };
		6335E1B31DB9E9A700B71A63 /* MapKit.framework */ = {isa = PBXFileReference; lastKnownFileType = wrapper.framework; name = MapKit.framework; path = System/Library/Frameworks/MapKit.framework; sourceTree = SDKROOT; };
		6335E1B71DBC789F00B71A63 /* QuartzCore.framework */ = {isa = PBXFileReference; lastKnownFileType = wrapper.framework; name = QuartzCore.framework; path = System/Library/Frameworks/QuartzCore.framework; sourceTree = SDKROOT; };
		63391C391E6BCE3A008887AD /* StaffListViewController.h */ = {isa = PBXFileReference; fileEncoding = 4; lastKnownFileType = sourcecode.c.h; path = StaffListViewController.h; sourceTree = "<group>"; };
		63391C3A1E6BCE3A008887AD /* StaffListViewController.m */ = {isa = PBXFileReference; fileEncoding = 4; lastKnownFileType = sourcecode.c.objc; path = StaffListViewController.m; sourceTree = "<group>"; };
		63391C3C1E6BCEA4008887AD /* StaffInfoDataManager.h */ = {isa = PBXFileReference; fileEncoding = 4; lastKnownFileType = sourcecode.c.h; path = StaffInfoDataManager.h; sourceTree = "<group>"; };
		63391C3D1E6BCEA4008887AD /* StaffInfoDataManager.m */ = {isa = PBXFileReference; fileEncoding = 4; lastKnownFileType = sourcecode.c.objc; path = StaffInfoDataManager.m; sourceTree = "<group>"; };
		63391C3F1E6BD6A7008887AD /* StaffInfoViewController.h */ = {isa = PBXFileReference; fileEncoding = 4; lastKnownFileType = sourcecode.c.h; path = StaffInfoViewController.h; sourceTree = "<group>"; };
		63391C401E6BD6A7008887AD /* StaffInfoViewController.m */ = {isa = PBXFileReference; fileEncoding = 4; lastKnownFileType = sourcecode.c.objc; path = StaffInfoViewController.m; sourceTree = "<group>"; };
		6340260E1DF6D73F00F8A1F0 /* LunchScreen.png */ = {isa = PBXFileReference; lastKnownFileType = image.png; path = LunchScreen.png; sourceTree = "<group>"; };
		636B50511DD0C6B3009BCB11 /* StaffListTableViewCell.h */ = {isa = PBXFileReference; fileEncoding = 4; lastKnownFileType = sourcecode.c.h; path = StaffListTableViewCell.h; sourceTree = "<group>"; };
		636B50521DD0C6B3009BCB11 /* StaffListTableViewCell.m */ = {isa = PBXFileReference; fileEncoding = 4; lastKnownFileType = sourcecode.c.objc; path = StaffListTableViewCell.m; sourceTree = "<group>"; };
		637246C11DEC026000D55887 /* becheckIcon.png */ = {isa = PBXFileReference; lastKnownFileType = image.png; path = becheckIcon.png; sourceTree = "<group>"; };
		637246C51DEC0DB800D55887 /* cellBackground116.png */ = {isa = PBXFileReference; lastKnownFileType = image.png; path = cellBackground116.png; sourceTree = "<group>"; };
		637AD2571DD5E6D500FA94E5 /* head01.png */ = {isa = PBXFileReference; lastKnownFileType = image.png; path = head01.png; sourceTree = "<group>"; };
		63D92FAA1DBF7F7D007578DB /* CheckClassCollectionReusable.h */ = {isa = PBXFileReference; fileEncoding = 4; lastKnownFileType = sourcecode.c.h; path = CheckClassCollectionReusable.h; sourceTree = "<group>"; };
		63D92FAB1DBF7F7D007578DB /* CheckClassCollectionReusable.m */ = {isa = PBXFileReference; fileEncoding = 4; lastKnownFileType = sourcecode.c.objc; path = CheckClassCollectionReusable.m; sourceTree = "<group>"; };
		63D92FAC1DBF7F7D007578DB /* CheckClassCollectionCell.h */ = {isa = PBXFileReference; fileEncoding = 4; lastKnownFileType = sourcecode.c.h; path = CheckClassCollectionCell.h; sourceTree = "<group>"; };
		63D92FAD1DBF7F7D007578DB /* CheckClassCollectionCell.m */ = {isa = PBXFileReference; fileEncoding = 4; lastKnownFileType = sourcecode.c.objc; path = CheckClassCollectionCell.m; sourceTree = "<group>"; };
		63D92FB01DBF7F8B007578DB /* SearchClassViewController.h */ = {isa = PBXFileReference; fileEncoding = 4; lastKnownFileType = sourcecode.c.h; path = SearchClassViewController.h; sourceTree = "<group>"; };
		63D92FB11DBF7F8B007578DB /* SearchClassViewController.m */ = {isa = PBXFileReference; fileEncoding = 4; lastKnownFileType = sourcecode.c.objc; path = SearchClassViewController.m; sourceTree = "<group>"; };
		63D92FDD1DC03667007578DB /* SalarySums.h */ = {isa = PBXFileReference; fileEncoding = 4; lastKnownFileType = sourcecode.c.h; path = SalarySums.h; sourceTree = "<group>"; };
		63D92FDE1DC03667007578DB /* SalarySums.m */ = {isa = PBXFileReference; fileEncoding = 4; lastKnownFileType = sourcecode.c.objc; path = SalarySums.m; sourceTree = "<group>"; };
		63D92FDF1DC03667007578DB /* SalaryViewController.h */ = {isa = PBXFileReference; fileEncoding = 4; lastKnownFileType = sourcecode.c.h; path = SalaryViewController.h; sourceTree = "<group>"; };
		63D92FE01DC03667007578DB /* SalaryViewController.m */ = {isa = PBXFileReference; fileEncoding = 4; lastKnownFileType = sourcecode.c.objc; path = SalaryViewController.m; sourceTree = "<group>"; };
		63E0A1111DCB0C910021F246 /* BulletinBoardViewController.h */ = {isa = PBXFileReference; fileEncoding = 4; lastKnownFileType = sourcecode.c.h; path = BulletinBoardViewController.h; sourceTree = "<group>"; };
		63E0A1121DCB0C910021F246 /* BulletinBoardViewController.m */ = {isa = PBXFileReference; fileEncoding = 4; lastKnownFileType = sourcecode.c.objc; path = BulletinBoardViewController.m; sourceTree = "<group>"; };
		63E0A1141DCB0DEF0021F246 /* BulletinBoardTableViewCell.h */ = {isa = PBXFileReference; fileEncoding = 4; lastKnownFileType = sourcecode.c.h; path = BulletinBoardTableViewCell.h; sourceTree = "<group>"; };
		63E0A1151DCB0DEF0021F246 /* BulletinBoardTableViewCell.m */ = {isa = PBXFileReference; fileEncoding = 4; lastKnownFileType = sourcecode.c.objc; path = BulletinBoardTableViewCell.m; sourceTree = "<group>"; };
		63E52BF11DE93E8F00BD24C2 /* ServerCommunicator.h */ = {isa = PBXFileReference; fileEncoding = 4; lastKnownFileType = sourcecode.c.h; name = ServerCommunicator.h; path = ../ServerCommunicator.h; sourceTree = "<group>"; };
		63E52BF21DE93E8F00BD24C2 /* ServerCommunicator.m */ = {isa = PBXFileReference; fileEncoding = 4; lastKnownFileType = sourcecode.c.objc; name = ServerCommunicator.m; path = ../ServerCommunicator.m; sourceTree = "<group>"; };
		63E52BF41DE987BD00BD24C2 /* bell.mp3 */ = {isa = PBXFileReference; lastKnownFileType = audio.mp3; path = bell.mp3; sourceTree = "<group>"; };
		63E52BF61DE98B5600BD24C2 /* AddBulletinViewController.h */ = {isa = PBXFileReference; fileEncoding = 4; lastKnownFileType = sourcecode.c.h; path = AddBulletinViewController.h; sourceTree = "<group>"; };
		63E52BF71DE98B5600BD24C2 /* AddBulletinViewController.m */ = {isa = PBXFileReference; fileEncoding = 4; lastKnownFileType = sourcecode.c.objc; path = AddBulletinViewController.m; sourceTree = "<group>"; };
		63FCD8B41DF2BCCA00734E43 /* Li.png */ = {isa = PBXFileReference; lastKnownFileType = image.png; path = Li.png; sourceTree = "<group>"; };
		70197DFE1DDD9CFC009254C4 /* blueheader.png */ = {isa = PBXFileReference; lastKnownFileType = image.png; path = blueheader.png; sourceTree = "<group>"; };
		70197DFF1DDD9CFC009254C4 /* greenheader.png */ = {isa = PBXFileReference; lastKnownFileType = image.png; path = greenheader.png; sourceTree = "<group>"; };
		70197E001DDD9CFC009254C4 /* orangeheader.png */ = {isa = PBXFileReference; lastKnownFileType = image.png; path = orangeheader.png; sourceTree = "<group>"; };
		70197E011DDD9CFC009254C4 /* redheader.png */ = {isa = PBXFileReference; lastKnownFileType = image.png; path = redheader.png; sourceTree = "<group>"; };
		706159C81D94231800D2530B /* HRM.app */ = {isa = PBXFileReference; explicitFileType = wrapper.application; includeInIndex = 0; path = HRM.app; sourceTree = BUILT_PRODUCTS_DIR; };
		706159CC1D94231800D2530B /* main.m */ = {isa = PBXFileReference; lastKnownFileType = sourcecode.c.objc; path = main.m; sourceTree = "<group>"; };
		706159CE1D94231800D2530B /* AppDelegate.h */ = {isa = PBXFileReference; lastKnownFileType = sourcecode.c.h; path = AppDelegate.h; sourceTree = "<group>"; };
		706159CF1D94231800D2530B /* AppDelegate.m */ = {isa = PBXFileReference; lastKnownFileType = sourcecode.c.objc; path = AppDelegate.m; sourceTree = "<group>"; };
		706159D71D94231800D2530B /* Assets.xcassets */ = {isa = PBXFileReference; lastKnownFileType = folder.assetcatalog; path = Assets.xcassets; sourceTree = "<group>"; };
		706159DA1D94231800D2530B /* Base */ = {isa = PBXFileReference; lastKnownFileType = file.storyboard; name = Base; path = Base.lproj/LaunchScreen.storyboard; sourceTree = "<group>"; };
		706159DC1D94231900D2530B /* Info.plist */ = {isa = PBXFileReference; lastKnownFileType = text.plist.xml; path = Info.plist; sourceTree = "<group>"; };
		70E35BF61DE7C73100CB6702 /* refuseIcon.png */ = {isa = PBXFileReference; lastKnownFileType = image.png; path = refuseIcon.png; sourceTree = "<group>"; };
		70E35BF81DE7C73D00CB6702 /* cellBackground.png */ = {isa = PBXFileReference; lastKnownFileType = image.png; path = cellBackground.png; sourceTree = "<group>"; };
		70E35BFA1DE7C74600CB6702 /* agreeIcon.png */ = {isa = PBXFileReference; lastKnownFileType = image.png; path = agreeIcon.png; sourceTree = "<group>"; };
		9C326C437B5E56D3CFD3D639 /* Pods-HRM.debug.xcconfig */ = {isa = PBXFileReference; includeInIndex = 1; lastKnownFileType = text.xcconfig; name = "Pods-HRM.debug.xcconfig"; path = "Pods/Target Support Files/Pods-HRM/Pods-HRM.debug.xcconfig"; sourceTree = "<group>"; };
		A91416FE1DBE601200735A49 /* ApplicationInfoPageViewController.h */ = {isa = PBXFileReference; fileEncoding = 4; lastKnownFileType = sourcecode.c.h; path = ApplicationInfoPageViewController.h; sourceTree = "<group>"; };
		A91416FF1DBE601200735A49 /* ApplicationInfoPageViewController.m */ = {isa = PBXFileReference; fileEncoding = 4; lastKnownFileType = sourcecode.c.objc; path = ApplicationInfoPageViewController.m; sourceTree = "<group>"; };
		A91417011DBEEA8600735A49 /* SupervisorHomePageViewController.h */ = {isa = PBXFileReference; fileEncoding = 4; lastKnownFileType = sourcecode.c.h; path = SupervisorHomePageViewController.h; sourceTree = "<group>"; };
		A91417021DBEEA8600735A49 /* SupervisorHomePageViewController.m */ = {isa = PBXFileReference; fileEncoding = 4; lastKnownFileType = sourcecode.c.objc; path = SupervisorHomePageViewController.m; sourceTree = "<group>"; };
		A91417041DBEEAF600735A49 /* EmployeeHomePageViewController.h */ = {isa = PBXFileReference; fileEncoding = 4; lastKnownFileType = sourcecode.c.h; path = EmployeeHomePageViewController.h; sourceTree = "<group>"; };
		A91417051DBEEAF600735A49 /* EmployeeHomePageViewController.m */ = {isa = PBXFileReference; fileEncoding = 4; lastKnownFileType = sourcecode.c.objc; path = EmployeeHomePageViewController.m; sourceTree = "<group>"; };
		A95C7E361DB9A85200AF7CB5 /* ApplicationListPageTableViewController.h */ = {isa = PBXFileReference; fileEncoding = 4; lastKnownFileType = sourcecode.c.h; path = ApplicationListPageTableViewController.h; sourceTree = "<group>"; };
		A95C7E371DB9A85200AF7CB5 /* ApplicationListPageTableViewController.m */ = {isa = PBXFileReference; fileEncoding = 4; lastKnownFileType = sourcecode.c.objc; path = ApplicationListPageTableViewController.m; sourceTree = "<group>"; };
		A95C7E391DB9A8D800AF7CB5 /* ApplicationFormPageViewController.h */ = {isa = PBXFileReference; fileEncoding = 4; lastKnownFileType = sourcecode.c.h; path = ApplicationFormPageViewController.h; sourceTree = "<group>"; };
		A95C7E3A1DB9A8D800AF7CB5 /* ApplicationFormPageViewController.m */ = {isa = PBXFileReference; fileEncoding = 4; lastKnownFileType = sourcecode.c.objc; path = ApplicationFormPageViewController.m; sourceTree = "<group>"; };
		A99D6A411DB4D18700C54FBB /* GoogleService-Info.plist */ = {isa = PBXFileReference; fileEncoding = 4; lastKnownFileType = text.plist.xml; path = "GoogleService-Info.plist"; sourceTree = "<group>"; };
		A9DC91111DB51FD900679708 /* HRM.entitlements */ = {isa = PBXFileReference; lastKnownFileType = text.plist.entitlements; path = HRM.entitlements; sourceTree = "<group>"; };
		A9DC91131DB5202D00679708 /* SignInPageViewController.h */ = {isa = PBXFileReference; fileEncoding = 4; lastKnownFileType = sourcecode.c.h; path = SignInPageViewController.h; sourceTree = "<group>"; };
		A9DC91141DB5202D00679708 /* SignInPageViewController.m */ = {isa = PBXFileReference; fileEncoding = 4; lastKnownFileType = sourcecode.c.objc; path = SignInPageViewController.m; sourceTree = "<group>"; };
		A9DC91161DB5208C00679708 /* SignUpPageViewController.h */ = {isa = PBXFileReference; fileEncoding = 4; lastKnownFileType = sourcecode.c.h; path = SignUpPageViewController.h; sourceTree = "<group>"; };
		A9DC91171DB5208C00679708 /* SignUpPageViewController.m */ = {isa = PBXFileReference; fileEncoding = 4; lastKnownFileType = sourcecode.c.objc; path = SignUpPageViewController.m; sourceTree = "<group>"; };
		A9DC91191DB52B4100679708 /* UserInfoPageViewController.h */ = {isa = PBXFileReference; fileEncoding = 4; lastKnownFileType = sourcecode.c.h; path = UserInfoPageViewController.h; sourceTree = "<group>"; };
		A9DC911A1DB52B4100679708 /* UserInfoPageViewController.m */ = {isa = PBXFileReference; fileEncoding = 4; lastKnownFileType = sourcecode.c.objc; path = UserInfoPageViewController.m; sourceTree = "<group>"; };
		A9DC911F1DB530F600679708 /* CurrentUser.h */ = {isa = PBXFileReference; fileEncoding = 4; lastKnownFileType = sourcecode.c.h; path = CurrentUser.h; sourceTree = "<group>"; };
		A9DC91201DB530F600679708 /* CurrentUser.m */ = {isa = PBXFileReference; fileEncoding = 4; lastKnownFileType = sourcecode.c.objc; path = CurrentUser.m; sourceTree = "<group>"; };
		C4F51A188CFDA3104D88D8D6 /* Pods-HRM.release.xcconfig */ = {isa = PBXFileReference; includeInIndex = 1; lastKnownFileType = text.xcconfig; name = "Pods-HRM.release.xcconfig"; path = "Pods/Target Support Files/Pods-HRM/Pods-HRM.release.xcconfig"; sourceTree = "<group>"; };
/* End PBXFileReference section */

/* Begin PBXFrameworksBuildPhase section */
		706159C51D94231800D2530B /* Frameworks */ = {
			isa = PBXFrameworksBuildPhase;
			buildActionMask = 2147483647;
			files = (
				6335E1B81DBC789F00B71A63 /* QuartzCore.framework in Frameworks */,
				6335E1B41DB9E9A700B71A63 /* MapKit.framework in Frameworks */,
				6335E1B21DB9E9A100B71A63 /* CoreLocation.framework in Frameworks */,
				7AAC48412F70DADEDF7716CD /* Pods_HRM.framework in Frameworks */,
			);
			runOnlyForDeploymentPostprocessing = 0;
		};
/* End PBXFrameworksBuildPhase section */

/* Begin PBXGroup section */
		4C71E6D023A882DEE3913A04 /* Frameworks */ = {
			isa = PBXGroup;
			children = (
				6335E1B71DBC789F00B71A63 /* QuartzCore.framework */,
				6335E1B31DB9E9A700B71A63 /* MapKit.framework */,
				6335E1B11DB9E9A100B71A63 /* CoreLocation.framework */,
				465262FC63B996D9E36968C5 /* Pods_HRM.framework */,
			);
			name = Frameworks;
			sourceTree = "<group>";
		};
		6309EA101DCBC74B001815C6 /* StaffInfo */ = {
			isa = PBXGroup;
			children = (
				63391C391E6BCE3A008887AD /* StaffListViewController.h */,
				63391C3A1E6BCE3A008887AD /* StaffListViewController.m */,
				636B50511DD0C6B3009BCB11 /* StaffListTableViewCell.h */,
				636B50521DD0C6B3009BCB11 /* StaffListTableViewCell.m */,
				63391C3F1E6BD6A7008887AD /* StaffInfoViewController.h */,
				63391C401E6BD6A7008887AD /* StaffInfoViewController.m */,
			);
			name = StaffInfo;
			sourceTree = "<group>";
		};
		6309EA171DCCAC3F001815C6 /* ManagerSalary */ = {
			isa = PBXGroup;
			children = (
				6309EA1B1DCCACD4001815C6 /* StaffSalaryListViewController.h */,
				6309EA1C1DCCACD4001815C6 /* StaffSalaryListViewController.m */,
				6309EA181DCCAC8E001815C6 /* StaffSalaryViewController.h */,
				6309EA191DCCAC8E001815C6 /* StaffSalaryViewController.m */,
				6309EA1E1DCCAD52001815C6 /* SalaryListTableViewCell.h */,
				6309EA1F1DCCAD52001815C6 /* SalaryListTableViewCell.m */,
			);
			name = ManagerSalary;
			sourceTree = "<group>";
		};
		630E70F11DBDCEAB0035E334 /* CollectionView */ = {
			isa = PBXGroup;
			children = (
				630E70EE1DBDCE960035E334 /* RecipeCollectionHeaderView.h */,
				630E70EF1DBDCE960035E334 /* RecipeCollectionHeaderView.m */,
				630E70EB1DBDBAC00035E334 /* CollectionViewCell.h */,
				630E70EC1DBDBAC00035E334 /* CollectionViewCell.m */,
			);
			name = CollectionView;
			sourceTree = "<group>";
		};
		63152FC51DF5DC9B00F694BA /* Manager */ = {
			isa = PBXGroup;
			children = (
				3A635F591DEB49C0009DA2B6 /* SignoffListTableViewController.h */,
				3A635F5A1DEB49C0009DA2B6 /* SignoffListTableViewController.m */,
				3A80EFD21DEC69E400E605D1 /* SignoffFormPageViewController.h */,
				3A80EFD31DEC69E400E605D1 /* SignoffFormPageViewController.m */,
			);
			name = Manager;
			sourceTree = "<group>";
		};
		63152FC61DF5EE5500F694BA /* Staff */ = {
			isa = PBXGroup;
			children = (
				A95C7E361DB9A85200AF7CB5 /* ApplicationListPageTableViewController.h */,
				A95C7E371DB9A85200AF7CB5 /* ApplicationListPageTableViewController.m */,
				A95C7E391DB9A8D800AF7CB5 /* ApplicationFormPageViewController.h */,
				A95C7E3A1DB9A8D800AF7CB5 /* ApplicationFormPageViewController.m */,
				A91416FE1DBE601200735A49 /* ApplicationInfoPageViewController.h */,
				A91416FF1DBE601200735A49 /* ApplicationInfoPageViewController.m */,
			);
			name = Staff;
			sourceTree = "<group>";
		};
		631DFC5D1DF5B72000006A69 /* NewImage */ = {
			isa = PBXGroup;
			children = (
				6340260E1DF6D73F00F8A1F0 /* LunchScreen.png */,
				63152FC71DF5F35300F694BA /* background.png */,
				63152FC91DF5F3D200F694BA /* loginbackground.png */,
				63FCD8B41DF2BCCA00734E43 /* Li.png */,
			);
			name = NewImage;
			sourceTree = "<group>";
		};
		631DFC671DF5D3C800006A69 /* TabBarVC */ = {
			isa = PBXGroup;
			children = (
				631DFC611DF5D11300006A69 /* EmployeeTabBarController.h */,
				631DFC621DF5D11300006A69 /* EmployeeTabBarController.m */,
				631DFC641DF5D39D00006A69 /* ManagerTabBarController.h */,
				631DFC651DF5D39D00006A69 /* ManagerTabBarController.m */,
			);
			name = TabBarVC;
			sourceTree = "<group>";
		};
		6328BF2D1DC780410067BBCC /* StoryBoard */ = {
			isa = PBXGroup;
			children = (
				3A01A3D11DEB420A002A2554 /* AccountManage.storyboard */,
				631DFC591DF5A77400006A69 /* Manager.storyboard */,
				631DFC5B1DF5A78500006A69 /* Staff.storyboard */,
				706159D91D94231800D2530B /* LaunchScreen.storyboard */,
			);
			name = StoryBoard;
			sourceTree = "<group>";
		};
		6335E1711DB8E1E100B71A63 /* Attendance */ = {
			isa = PBXGroup;
			children = (
				6335E1771DB8E4A200B71A63 /* AttendanceViewController.h */,
				6335E1781DB8E4A200B71A63 /* AttendanceViewController.m */,
			);
			name = Attendance;
			sourceTree = "<group>";
		};
		6335E17A1DB8E52C00B71A63 /* Model */ = {
			isa = PBXGroup;
			children = (
				63D92FDD1DC03667007578DB /* SalarySums.h */,
				63D92FDE1DC03667007578DB /* SalarySums.m */,
				63E52BF11DE93E8F00BD24C2 /* ServerCommunicator.h */,
				63E52BF21DE93E8F00BD24C2 /* ServerCommunicator.m */,
				A9DC911F1DB530F600679708 /* CurrentUser.h */,
				A9DC91201DB530F600679708 /* CurrentUser.m */,
				3A6F3FF91DD1CF0600376501 /* StrValidationFilter.h */,
				3A6F3FFA1DD1CF0600376501 /* StrValidationFilter.m */,
				6335E1731DB8E21400B71A63 /* NSDateNSStringExchange.h */,
				6335E1741DB8E21400B71A63 /* NSDateNSStringExchange.m */,
				63391C3C1E6BCEA4008887AD /* StaffInfoDataManager.h */,
				63391C3D1E6BCEA4008887AD /* StaffInfoDataManager.m */,
			);
			name = Model;
			sourceTree = "<group>";
		};
		6335E17B1DB8E69100B71A63 /* Scheduling */ = {
			isa = PBXGroup;
			children = (
				63D92FA81DBF7F4A007578DB /* SearchTheClassTable */,
				63D92FB31DBF7F98007578DB /* WorkScheduling */,
			);
			name = Scheduling;
			sourceTree = "<group>";
		};
		6340260D1DF6D5F300F8A1F0 /* UnUse */ = {
			isa = PBXGroup;
			children = (
				A91417011DBEEA8600735A49 /* SupervisorHomePageViewController.h */,
				A91417021DBEEA8600735A49 /* SupervisorHomePageViewController.m */,
				A91417041DBEEAF600735A49 /* EmployeeHomePageViewController.h */,
				A91417051DBEEAF600735A49 /* EmployeeHomePageViewController.m */,
			);
			name = UnUse;
			sourceTree = "<group>";
		};
		63D92FA81DBF7F4A007578DB /* SearchTheClassTable */ = {
			isa = PBXGroup;
			children = (
				63D92FA91DBF7F6A007578DB /* CheckClassForCollection */,
				63D92FB01DBF7F8B007578DB /* SearchClassViewController.h */,
				63D92FB11DBF7F8B007578DB /* SearchClassViewController.m */,
			);
			name = SearchTheClassTable;
			sourceTree = "<group>";
		};
		63D92FA91DBF7F6A007578DB /* CheckClassForCollection */ = {
			isa = PBXGroup;
			children = (
				63D92FAA1DBF7F7D007578DB /* CheckClassCollectionReusable.h */,
				63D92FAB1DBF7F7D007578DB /* CheckClassCollectionReusable.m */,
				63D92FAC1DBF7F7D007578DB /* CheckClassCollectionCell.h */,
				63D92FAD1DBF7F7D007578DB /* CheckClassCollectionCell.m */,
			);
			name = CheckClassForCollection;
			sourceTree = "<group>";
		};
		63D92FB31DBF7F98007578DB /* WorkScheduling */ = {
			isa = PBXGroup;
			children = (
				630E70F11DBDCEAB0035E334 /* CollectionView */,
				6335E17E1DB8E85200B71A63 /* SchedulingViewController.h */,
				6335E17F1DB8E85200B71A63 /* SchedulingViewController.m */,
			);
			name = WorkScheduling;
			sourceTree = "<group>";
		};
		63D92FB41DBF8105007578DB /* Image */ = {
			isa = PBXGroup;
			children = (
				70E35BFA1DE7C74600CB6702 /* agreeIcon.png */,
				3A40FB8C1DF154D500DBBE20 /* viber.png */,
				637246C51DEC0DB800D55887 /* cellBackground116.png */,
				70E35BF61DE7C73100CB6702 /* refuseIcon.png */,
				70E35BF81DE7C73D00CB6702 /* cellBackground.png */,
				70197DFE1DDD9CFC009254C4 /* blueheader.png */,
				6311261A1DDEE30A00F3404E /* grayheader.png */,
				70197DFF1DDD9CFC009254C4 /* greenheader.png */,
				70197E001DDD9CFC009254C4 /* orangeheader.png */,
				70197E011DDD9CFC009254C4 /* redheader.png */,
				637AD2571DD5E6D500FA94E5 /* head01.png */,
				637246C11DEC026000D55887 /* becheckIcon.png */,
				6309EA0E1DCBBF1A001815C6 /* head.png */,
			);
			name = Image;
			sourceTree = "<group>";
		};
		63E0A1101DCB0C490021F246 /* BulletinBoard */ = {
			isa = PBXGroup;
			children = (
				63E0A1111DCB0C910021F246 /* BulletinBoardViewController.h */,
				63E0A1121DCB0C910021F246 /* BulletinBoardViewController.m */,
				63E0A1141DCB0DEF0021F246 /* BulletinBoardTableViewCell.h */,
				63E0A1151DCB0DEF0021F246 /* BulletinBoardTableViewCell.m */,
				63E52BF61DE98B5600BD24C2 /* AddBulletinViewController.h */,
				63E52BF71DE98B5600BD24C2 /* AddBulletinViewController.m */,
			);
			name = BulletinBoard;
			sourceTree = "<group>";
		};
		706159BF1D94231800D2530B = {
			isa = PBXGroup;
			children = (
				706159CA1D94231800D2530B /* HRM */,
				706159C91D94231800D2530B /* Products */,
				F032C6B35B18A5FB77BEF9D7 /* Pods */,
				4C71E6D023A882DEE3913A04 /* Frameworks */,
			);
			sourceTree = "<group>";
		};
		706159C91D94231800D2530B /* Products */ = {
			isa = PBXGroup;
			children = (
				706159C81D94231800D2530B /* HRM.app */,
			);
			name = Products;
			sourceTree = "<group>";
		};
		706159CA1D94231800D2530B /* HRM */ = {
			isa = PBXGroup;
			children = (
				6328BF2D1DC780410067BBCC /* StoryBoard */,
				6309EA171DCCAC3F001815C6 /* ManagerSalary */,
				6309EA101DCBC74B001815C6 /* StaffInfo */,
				63E0A1101DCB0C490021F246 /* BulletinBoard */,
				6335E17B1DB8E69100B71A63 /* Scheduling */,
				6335E1711DB8E1E100B71A63 /* Attendance */,
				A9DC91121DB51FEF00679708 /* AccountManage */,
				A95C7E351DB9A7CD00AF7CB5 /* Application */,
				7093DD2E1DED10A700396490 /* Salary */,
				6335E17A1DB8E52C00B71A63 /* Model */,
				706159CB1D94231800D2530B /* Supporting Files */,
				631DFC5D1DF5B72000006A69 /* NewImage */,
				63D92FB41DBF8105007578DB /* Image */,
			);
			path = HRM;
			sourceTree = "<group>";
		};
		706159CB1D94231800D2530B /* Supporting Files */ = {
			isa = PBXGroup;
			children = (
				63E52BF41DE987BD00BD24C2 /* bell.mp3 */,
				A9DC91111DB51FD900679708 /* HRM.entitlements */,
				706159CE1D94231800D2530B /* AppDelegate.h */,
				706159CF1D94231800D2530B /* AppDelegate.m */,
				706159D71D94231800D2530B /* Assets.xcassets */,
				706159DC1D94231900D2530B /* Info.plist */,
				A99D6A411DB4D18700C54FBB /* GoogleService-Info.plist */,
				706159CC1D94231800D2530B /* main.m */,
			);
			name = "Supporting Files";
			sourceTree = "<group>";
		};
		7093DD2E1DED10A700396490 /* Salary */ = {
			isa = PBXGroup;
			children = (
				63D92FDF1DC03667007578DB /* SalaryViewController.h */,
				63D92FE01DC03667007578DB /* SalaryViewController.m */,
			);
			name = Salary;
			sourceTree = "<group>";
		};
		A95C7E351DB9A7CD00AF7CB5 /* Application */ = {
			isa = PBXGroup;
			children = (
				63152FC61DF5EE5500F694BA /* Staff */,
				63152FC51DF5DC9B00F694BA /* Manager */,
			);
			name = Application;
			sourceTree = "<group>";
		};
		A9DC91121DB51FEF00679708 /* AccountManage */ = {
			isa = PBXGroup;
			children = (
				A9DC91131DB5202D00679708 /* SignInPageViewController.h */,
				A9DC91141DB5202D00679708 /* SignInPageViewController.m */,
				A9DC91161DB5208C00679708 /* SignUpPageViewController.h */,
				A9DC91171DB5208C00679708 /* SignUpPageViewController.m */,
				A9DC91191DB52B4100679708 /* UserInfoPageViewController.h */,
				A9DC911A1DB52B4100679708 /* UserInfoPageViewController.m */,
				631DFC671DF5D3C800006A69 /* TabBarVC */,
				6340260D1DF6D5F300F8A1F0 /* UnUse */,
			);
			name = AccountManage;
			sourceTree = "<group>";
		};
		F032C6B35B18A5FB77BEF9D7 /* Pods */ = {
			isa = PBXGroup;
			children = (
				9C326C437B5E56D3CFD3D639 /* Pods-HRM.debug.xcconfig */,
				C4F51A188CFDA3104D88D8D6 /* Pods-HRM.release.xcconfig */,
			);
			name = Pods;
			sourceTree = "<group>";
		};
/* End PBXGroup section */

/* Begin PBXNativeTarget section */
		706159C71D94231800D2530B /* HRM */ = {
			isa = PBXNativeTarget;
			buildConfigurationList = 706159DF1D94231900D2530B /* Build configuration list for PBXNativeTarget "HRM" */;
			buildPhases = (
				6D8D5DEE2A4B249289C39935 /* [CP] Check Pods Manifest.lock */,
				706159C41D94231800D2530B /* Sources */,
				706159C51D94231800D2530B /* Frameworks */,
				706159C61D94231800D2530B /* Resources */,
				D9BABB4F9217BB8917A21359 /* [CP] Embed Pods Frameworks */,
				BA96787BCA2F54C319990D00 /* [CP] Copy Pods Resources */,
			);
			buildRules = (
			);
			dependencies = (
			);
			name = HRM;
			productName = HRM;
			productReference = 706159C81D94231800D2530B /* HRM.app */;
			productType = "com.apple.product-type.application";
		};
/* End PBXNativeTarget section */

/* Begin PBXProject section */
		706159C01D94231800D2530B /* Project object */ = {
			isa = PBXProject;
			attributes = {
				LastUpgradeCheck = 0810;
				ORGANIZATIONNAME = JimSu;
				TargetAttributes = {
					706159C71D94231800D2530B = {
						CreatedOnToolsVersion = 8.0;
						DevelopmentTeam = 2FFS45S3SA;
						ProvisioningStyle = Manual;
						SystemCapabilities = {
							com.apple.BackgroundModes = {
								enabled = 1;
							};
							com.apple.Keychain = {
								enabled = 1;
							};
							com.apple.Push = {
								enabled = 1;
							};
						};
					};
				};
			};
			buildConfigurationList = 706159C31D94231800D2530B /* Build configuration list for PBXProject "HRM" */;
			compatibilityVersion = "Xcode 3.2";
			developmentRegion = English;
			hasScannedForEncodings = 0;
			knownRegions = (
				en,
				Base,
			);
			mainGroup = 706159BF1D94231800D2530B;
			productRefGroup = 706159C91D94231800D2530B /* Products */;
			projectDirPath = "";
			projectRoot = "";
			targets = (
				706159C71D94231800D2530B /* HRM */,
			);
		};
/* End PBXProject section */

/* Begin PBXResourcesBuildPhase section */
		706159C61D94231800D2530B /* Resources */ = {
			isa = PBXResourcesBuildPhase;
			buildActionMask = 2147483647;
			files = (
				637246C61DEC0DB800D55887 /* cellBackground116.png in Resources */,
				70197E021DDD9CFC009254C4 /* blueheader.png in Resources */,
				70E35BF91DE7C73D00CB6702 /* cellBackground.png in Resources */,
				A99D6A421DB4D18700C54FBB /* GoogleService-Info.plist in Resources */,
				6309EA0F1DCBBF1A001815C6 /* head.png in Resources */,
				70197E051DDD9CFC009254C4 /* redheader.png in Resources */,
				637AD25A1DD5E6D500FA94E5 /* head01.png in Resources */,
				706159DB1D94231800D2530B /* LaunchScreen.storyboard in Resources */,
				63FCD8B51DF2BCCA00734E43 /* Li.png in Resources */,
				631126241DDEE30A00F3404E /* grayheader.png in Resources */,
				70E35BFB1DE7C74600CB6702 /* agreeIcon.png in Resources */,
				637246C21DEC026100D55887 /* becheckIcon.png in Resources */,
				70197E041DDD9CFC009254C4 /* orangeheader.png in Resources */,
				63152FCA1DF5F3D200F694BA /* loginbackground.png in Resources */,
				63E52BF51DE987BD00BD24C2 /* bell.mp3 in Resources */,
				3A40FB8D1DF154D500DBBE20 /* viber.png in Resources */,
				70E35BF71DE7C73100CB6702 /* refuseIcon.png in Resources */,
				631DFC5A1DF5A77400006A69 /* Manager.storyboard in Resources */,
				63152FC81DF5F35300F694BA /* background.png in Resources */,
				706159D81D94231800D2530B /* Assets.xcassets in Resources */,
				6340260F1DF6D73F00F8A1F0 /* LunchScreen.png in Resources */,
				3A01A3D21DEB420A002A2554 /* AccountManage.storyboard in Resources */,
				70197E031DDD9CFC009254C4 /* greenheader.png in Resources */,
				631DFC5C1DF5A78500006A69 /* Staff.storyboard in Resources */,
			);
			runOnlyForDeploymentPostprocessing = 0;
		};
/* End PBXResourcesBuildPhase section */

/* Begin PBXShellScriptBuildPhase section */
		6D8D5DEE2A4B249289C39935 /* [CP] Check Pods Manifest.lock */ = {
			isa = PBXShellScriptBuildPhase;
			buildActionMask = 2147483647;
			files = (
			);
			inputPaths = (
			);
			name = "[CP] Check Pods Manifest.lock";
			outputPaths = (
			);
			runOnlyForDeploymentPostprocessing = 0;
			shellPath = /bin/sh;
			shellScript = "diff \"${PODS_ROOT}/../Podfile.lock\" \"${PODS_ROOT}/Manifest.lock\" > /dev/null\nif [ $? != 0 ] ; then\n    # print error to STDERR\n    echo \"error: The sandbox is not in sync with the Podfile.lock. Run 'pod install' or update your CocoaPods installation.\" >&2\n    exit 1\nfi\n";
			showEnvVarsInLog = 0;
		};
		BA96787BCA2F54C319990D00 /* [CP] Copy Pods Resources */ = {
			isa = PBXShellScriptBuildPhase;
			buildActionMask = 2147483647;
			files = (
			);
			inputPaths = (
			);
			name = "[CP] Copy Pods Resources";
			outputPaths = (
			);
			runOnlyForDeploymentPostprocessing = 0;
			shellPath = /bin/sh;
			shellScript = "\"${SRCROOT}/Pods/Target Support Files/Pods-HRM/Pods-HRM-resources.sh\"\n";
			showEnvVarsInLog = 0;
		};
		D9BABB4F9217BB8917A21359 /* [CP] Embed Pods Frameworks */ = {
			isa = PBXShellScriptBuildPhase;
			buildActionMask = 2147483647;
			files = (
			);
			inputPaths = (
			);
			name = "[CP] Embed Pods Frameworks";
			outputPaths = (
			);
			runOnlyForDeploymentPostprocessing = 0;
			shellPath = /bin/sh;
			shellScript = "\"${SRCROOT}/Pods/Target Support Files/Pods-HRM/Pods-HRM-frameworks.sh\"\n";
			showEnvVarsInLog = 0;
		};
/* End PBXShellScriptBuildPhase section */

/* Begin PBXSourcesBuildPhase section */
		706159C41D94231800D2530B /* Sources */ = {
			isa = PBXSourcesBuildPhase;
			buildActionMask = 2147483647;
			files = (
				A91417061DBEEAF600735A49 /* EmployeeHomePageViewController.m in Sources */,
				63E52BF81DE98B5600BD24C2 /* AddBulletinViewController.m in Sources */,
				A9DC91151DB5202D00679708 /* SignInPageViewController.m in Sources */,
				6309EA201DCCAD52001815C6 /* SalaryListTableViewCell.m in Sources */,
				63E0A1161DCB0DEF0021F246 /* BulletinBoardTableViewCell.m in Sources */,
				6335E1801DB8E85200B71A63 /* SchedulingViewController.m in Sources */,
				63D92FAF1DBF7F7D007578DB /* CheckClassCollectionCell.m in Sources */,
				6335E1791DB8E4A200B71A63 /* AttendanceViewController.m in Sources */,
				A9DC911B1DB52B4100679708 /* UserInfoPageViewController.m in Sources */,
				A95C7E381DB9A85200AF7CB5 /* ApplicationListPageTableViewController.m in Sources */,
				631DFC631DF5D11300006A69 /* EmployeeTabBarController.m in Sources */,
				63391C411E6BD6A7008887AD /* StaffInfoViewController.m in Sources */,
				A91417001DBE601200735A49 /* ApplicationInfoPageViewController.m in Sources */,
				A95C7E3B1DB9A8D800AF7CB5 /* ApplicationFormPageViewController.m in Sources */,
				3A80EFD41DEC69E400E605D1 /* SignoffFormPageViewController.m in Sources */,
				63D92FB21DBF7F8B007578DB /* SearchClassViewController.m in Sources */,
				A9DC91181DB5208C00679708 /* SignUpPageViewController.m in Sources */,
				63D92FAE1DBF7F7D007578DB /* CheckClassCollectionReusable.m in Sources */,
				A91417031DBEEA8600735A49 /* SupervisorHomePageViewController.m in Sources */,
				706159D01D94231800D2530B /* AppDelegate.m in Sources */,
				3A6F3FFB1DD1CF0600376501 /* StrValidationFilter.m in Sources */,
				6309EA1A1DCCAC8E001815C6 /* StaffSalaryViewController.m in Sources */,
				3A635F5B1DEB49C0009DA2B6 /* SignoffListTableViewController.m in Sources */,
				6335E1751DB8E21400B71A63 /* NSDateNSStringExchange.m in Sources */,
				631DFC661DF5D39D00006A69 /* ManagerTabBarController.m in Sources */,
				63D92FE11DC03667007578DB /* SalarySums.m in Sources */,
				63E52BF31DE93E8F00BD24C2 /* ServerCommunicator.m in Sources */,
				63391C3B1E6BCE3A008887AD /* StaffListViewController.m in Sources */,
				63391C3E1E6BCEA4008887AD /* StaffInfoDataManager.m in Sources */,
				636B50531DD0C6B3009BCB11 /* StaffListTableViewCell.m in Sources */,
				706159CD1D94231800D2530B /* main.m in Sources */,
				A9DC91211DB530F600679708 /* CurrentUser.m in Sources */,
				63D92FE21DC03667007578DB /* SalaryViewController.m in Sources */,
				630E70ED1DBDBAC00035E334 /* CollectionViewCell.m in Sources */,
				6309EA1D1DCCACD4001815C6 /* StaffSalaryListViewController.m in Sources */,
				630E70F01DBDCE960035E334 /* RecipeCollectionHeaderView.m in Sources */,
				63E0A1131DCB0C910021F246 /* BulletinBoardViewController.m in Sources */,
			);
			runOnlyForDeploymentPostprocessing = 0;
		};
/* End PBXSourcesBuildPhase section */

/* Begin PBXVariantGroup section */
		706159D91D94231800D2530B /* LaunchScreen.storyboard */ = {
			isa = PBXVariantGroup;
			children = (
				706159DA1D94231800D2530B /* Base */,
			);
			name = LaunchScreen.storyboard;
			sourceTree = "<group>";
		};
/* End PBXVariantGroup section */

/* Begin XCBuildConfiguration section */
		706159DD1D94231900D2530B /* Debug */ = {
			isa = XCBuildConfiguration;
			buildSettings = {
				ALWAYS_SEARCH_USER_PATHS = NO;
				CLANG_ANALYZER_NONNULL = YES;
				CLANG_CXX_LANGUAGE_STANDARD = "gnu++0x";
				CLANG_CXX_LIBRARY = "libc++";
				CLANG_ENABLE_MODULES = YES;
				CLANG_ENABLE_OBJC_ARC = YES;
				CLANG_WARN_BOOL_CONVERSION = YES;
				CLANG_WARN_CONSTANT_CONVERSION = YES;
				CLANG_WARN_DIRECT_OBJC_ISA_USAGE = YES_ERROR;
				CLANG_WARN_DOCUMENTATION_COMMENTS = YES;
				CLANG_WARN_EMPTY_BODY = YES;
				CLANG_WARN_ENUM_CONVERSION = YES;
				CLANG_WARN_INFINITE_RECURSION = YES;
				CLANG_WARN_INT_CONVERSION = YES;
				CLANG_WARN_OBJC_ROOT_CLASS = YES_ERROR;
				CLANG_WARN_SUSPICIOUS_MOVE = YES;
				CLANG_WARN_SUSPICIOUS_MOVES = YES;
				CLANG_WARN_UNREACHABLE_CODE = YES;
				CLANG_WARN__DUPLICATE_METHOD_MATCH = YES;
				"CODE_SIGN_IDENTITY[sdk=iphoneos*]" = "iPhone Developer";
				COPY_PHASE_STRIP = NO;
				DEBUG_INFORMATION_FORMAT = dwarf;
				ENABLE_STRICT_OBJC_MSGSEND = YES;
				ENABLE_TESTABILITY = YES;
				GCC_C_LANGUAGE_STANDARD = gnu99;
				GCC_DYNAMIC_NO_PIC = NO;
				GCC_NO_COMMON_BLOCKS = YES;
				GCC_OPTIMIZATION_LEVEL = 0;
				GCC_PREPROCESSOR_DEFINITIONS = (
					"DEBUG=1",
					"$(inherited)",
				);
				GCC_WARN_64_TO_32_BIT_CONVERSION = YES;
				GCC_WARN_ABOUT_RETURN_TYPE = YES_ERROR;
				GCC_WARN_UNDECLARED_SELECTOR = YES;
				GCC_WARN_UNINITIALIZED_AUTOS = YES_AGGRESSIVE;
				GCC_WARN_UNUSED_FUNCTION = YES;
				GCC_WARN_UNUSED_VARIABLE = YES;
				IPHONEOS_DEPLOYMENT_TARGET = 10.0;
				MTL_ENABLE_DEBUG_INFO = YES;
				ONLY_ACTIVE_ARCH = YES;
				SDKROOT = iphoneos;
				TARGETED_DEVICE_FAMILY = "1,2";
			};
			name = Debug;
		};
		706159DE1D94231900D2530B /* Release */ = {
			isa = XCBuildConfiguration;
			buildSettings = {
				ALWAYS_SEARCH_USER_PATHS = NO;
				CLANG_ANALYZER_NONNULL = YES;
				CLANG_CXX_LANGUAGE_STANDARD = "gnu++0x";
				CLANG_CXX_LIBRARY = "libc++";
				CLANG_ENABLE_MODULES = YES;
				CLANG_ENABLE_OBJC_ARC = YES;
				CLANG_WARN_BOOL_CONVERSION = YES;
				CLANG_WARN_CONSTANT_CONVERSION = YES;
				CLANG_WARN_DIRECT_OBJC_ISA_USAGE = YES_ERROR;
				CLANG_WARN_DOCUMENTATION_COMMENTS = YES;
				CLANG_WARN_EMPTY_BODY = YES;
				CLANG_WARN_ENUM_CONVERSION = YES;
				CLANG_WARN_INFINITE_RECURSION = YES;
				CLANG_WARN_INT_CONVERSION = YES;
				CLANG_WARN_OBJC_ROOT_CLASS = YES_ERROR;
				CLANG_WARN_SUSPICIOUS_MOVE = YES;
				CLANG_WARN_SUSPICIOUS_MOVES = YES;
				CLANG_WARN_UNREACHABLE_CODE = YES;
				CLANG_WARN__DUPLICATE_METHOD_MATCH = YES;
				"CODE_SIGN_IDENTITY[sdk=iphoneos*]" = "iPhone Developer";
				COPY_PHASE_STRIP = NO;
				DEBUG_INFORMATION_FORMAT = "dwarf-with-dsym";
				ENABLE_NS_ASSERTIONS = NO;
				ENABLE_STRICT_OBJC_MSGSEND = YES;
				GCC_C_LANGUAGE_STANDARD = gnu99;
				GCC_NO_COMMON_BLOCKS = YES;
				GCC_WARN_64_TO_32_BIT_CONVERSION = YES;
				GCC_WARN_ABOUT_RETURN_TYPE = YES_ERROR;
				GCC_WARN_UNDECLARED_SELECTOR = YES;
				GCC_WARN_UNINITIALIZED_AUTOS = YES_AGGRESSIVE;
				GCC_WARN_UNUSED_FUNCTION = YES;
				GCC_WARN_UNUSED_VARIABLE = YES;
				IPHONEOS_DEPLOYMENT_TARGET = 10.0;
				MTL_ENABLE_DEBUG_INFO = NO;
				SDKROOT = iphoneos;
				TARGETED_DEVICE_FAMILY = "1,2";
				VALIDATE_PRODUCT = YES;
			};
			name = Release;
		};
		706159E01D94231900D2530B /* Debug */ = {
			isa = XCBuildConfiguration;
			baseConfigurationReference = 9C326C437B5E56D3CFD3D639 /* Pods-HRM.debug.xcconfig */;
			buildSettings = {
				ASSETCATALOG_COMPILER_APPICON_NAME = AppIcon;
				CODE_SIGN_ENTITLEMENTS = HRM/HRM.entitlements;
				"CODE_SIGN_IDENTITY[sdk=iphoneos*]" = "iPhone Developer";
				DEVELOPMENT_TEAM = 2FFS45S3SA;
				INFOPLIST_FILE = HRM/Info.plist;
				IPHONEOS_DEPLOYMENT_TARGET = 10.0;
				LD_RUNPATH_SEARCH_PATHS = "$(inherited) @executable_path/Frameworks";
				PRODUCT_BUNDLE_IDENTIFIER = com.HuangLiangJun.HRManager;
				PRODUCT_NAME = "$(TARGET_NAME)";
				PROVISIONING_PROFILE = "2b372c92-8eda-4700-b8a9-f4579f7026cf";
				PROVISIONING_PROFILE_SPECIFIER = "HRManager Development";
			};
			name = Debug;
		};
		706159E11D94231900D2530B /* Release */ = {
			isa = XCBuildConfiguration;
			baseConfigurationReference = C4F51A188CFDA3104D88D8D6 /* Pods-HRM.release.xcconfig */;
			buildSettings = {
				ASSETCATALOG_COMPILER_APPICON_NAME = AppIcon;
				CODE_SIGN_ENTITLEMENTS = HRM/HRM.entitlements;
				"CODE_SIGN_IDENTITY[sdk=iphoneos*]" = "iPhone Developer";
				DEVELOPMENT_TEAM = 2FFS45S3SA;
				INFOPLIST_FILE = HRM/Info.plist;
				IPHONEOS_DEPLOYMENT_TARGET = 10.0;
				LD_RUNPATH_SEARCH_PATHS = "$(inherited) @executable_path/Frameworks";
				PRODUCT_BUNDLE_IDENTIFIER = com.HuangLiangJun.HRManager;
				PRODUCT_NAME = "$(TARGET_NAME)";
				PROVISIONING_PROFILE = "2b372c92-8eda-4700-b8a9-f4579f7026cf";
				PROVISIONING_PROFILE_SPECIFIER = "HRManager Development";
			};
			name = Release;
		};
/* End XCBuildConfiguration section */

/* Begin XCConfigurationList section */
		706159C31D94231800D2530B /* Build configuration list for PBXProject "HRM" */ = {
			isa = XCConfigurationList;
			buildConfigurations = (
				706159DD1D94231900D2530B /* Debug */,
				706159DE1D94231900D2530B /* Release */,
			);
			defaultConfigurationIsVisible = 0;
			defaultConfigurationName = Release;
		};
		706159DF1D94231900D2530B /* Build configuration list for PBXNativeTarget "HRM" */ = {
			isa = XCConfigurationList;
			buildConfigurations = (
				706159E01D94231900D2530B /* Debug */,
				706159E11D94231900D2530B /* Release */,
			);
			defaultConfigurationIsVisible = 0;
			defaultConfigurationName = Release;
		};
/* End XCConfigurationList section */
	};
	rootObject = 706159C01D94231800D2530B /* Project object */;
}
